
Microsoft Visual Studio Solution File, Format Version 12.00
# Visual Studio Version 16
VisualStudioVersion = 16.0.30517.126
MinimumVisualStudioVersion = 10.0.40219.1
Project("{FAE04EC0-301F-11D3-BF4B-00C04F79EFBC}") = "CXR1B_PC", "CXR1B_PC.csproj", "{A5CD28AC-425D-4859-95C0-37FA01223A46}"
EndProject
Project("{FAE04EC0-301F-11D3-BF4B-00C04F79EFBC}") = "ConsoleApp1", "..\ConsoleApp1\ConsoleApp1.csproj", "{4B2FF123-F6C6-4442-8FB4-BEA335D4CBC9}"
EndProject
Global
	GlobalSection(SolutionConfigurationPlatforms) = preSolution
		Debug|Any CPU = Debug|Any CPU
		Release|Any CPU = Release|Any CPU
	EndGlobalSection
	GlobalSection(ProjectConfigurationPlatforms) = postSolution
		{A5CD28AC-425D-4859-95C0-37FA01223A46}.Debug|Any CPU.ActiveCfg = Debug|Any CPU
		{A5CD28AC-425D-4859-95C0-37FA01223A46}.Debug|Any CPU.Build.0 = Debug|Any CPU
		{A5CD28AC-425D-4859-95C0-37FA01223A46}.Release|Any CPU.ActiveCfg = Release|Any CPU
		{A5CD28AC-425D-4859-95C0-37FA01223A46}.Release|Any CPU.Build.0 = Release|Any CPU
		{4B2FF123-F6C6-4442-8FB4-BEA335D4CBC9}.Debug|Any CPU.ActiveCfg = Debug|Any CPU
		{4B2FF123-F6C6-4442-8FB4-BEA335D4CBC9}.Debug|Any CPU.Build.0 = Debug|Any CPU
		{4B2FF123-F6C6-4442-8FB4-BEA335D4CBC9}.Release|Any CPU.ActiveCfg = Release|Any CPU
		{4B2FF123-F6C6-4442-8FB4-BEA335D4CBC9}.Release|Any CPU.Build.0 = Release|Any CPU
	EndGlobalSection
	GlobalSection(SolutionProperties) = preSolution
		HideSolutionNode = FALSE
	EndGlobalSection
	GlobalSection(ExtensibilityGlobals) = postSolution
		SolutionGuid = {6ADA58B0-59A3-4259-967D-A774ACD3042A}
	EndGlobalSection
EndGlobal
